// !$*UTF8*$!
{
	archiveVersion = 1;
	classes = {
	};
	objectVersion = 77;
	objects = {

/* Begin PBXContainerItemProxy section */
		32AC162F2E9EB13D006AB9F2 /* PBXContainerItemProxy */ = {
			isa = PBXContainerItemProxy;
			containerPortal = 32AC16162E9EB13B006AB9F2 /* Project object */;
			proxyType = 1;
			remoteGlobalIDString = 32AC161D2E9EB13B006AB9F2;
			remoteInfo = Safepocket;
		};
		32AC16392E9EB13D006AB9F2 /* PBXContainerItemProxy */ = {
			isa = PBXContainerItemProxy;
			containerPortal = 32AC16162E9EB13B006AB9F2 /* Project object */;
			proxyType = 1;
			remoteGlobalIDString = 32AC161D2E9EB13B006AB9F2;
			remoteInfo = Safepocket;
		};
/* End PBXContainerItemProxy section */

/* Begin PBXFileReference section */
		32AC161E2E9EB13B006AB9F2 /* Safepocket.app */ = {isa = PBXFileReference; explicitFileType = wrapper.application; includeInIndex = 0; path = Safepocket.app; sourceTree = BUILT_PRODUCTS_DIR; };
		32AC162E2E9EB13D006AB9F2 /* SafepocketTests.xctest */ = {isa = PBXFileReference; explicitFileType = wrapper.cfbundle; includeInIndex = 0; path = SafepocketTests.xctest; sourceTree = BUILT_PRODUCTS_DIR; };
		32AC16382E9EB13D006AB9F2 /* SafepocketUITests.xctest */ = {isa = PBXFileReference; explicitFileType = wrapper.cfbundle; includeInIndex = 0; path = SafepocketUITests.xctest; sourceTree = BUILT_PRODUCTS_DIR; };
/* End PBXFileReference section */

/* Begin PBXFileSystemSynchronizedRootGroup section */
		32AC16202E9EB13B006AB9F2 /* Safepocket */ = {
			isa = PBXFileSystemSynchronizedRootGroup;
			path = Safepocket;
			sourceTree = "<group>";
		};
		32AC16312E9EB13D006AB9F2 /* SafepocketTests */ = {
			isa = PBXFileSystemSynchronizedRootGroup;
			path = SafepocketTests;
			sourceTree = "<group>";
		};
		32AC163B2E9EB13D006AB9F2 /* SafepocketUITests */ = {
			isa = PBXFileSystemSynchronizedRootGroup;
			path = SafepocketUITests;
			sourceTree = "<group>";
		};
/* End PBXFileSystemSynchronizedRootGroup section */

/* Begin PBXFrameworksBuildPhase section */
		32AC161B2E9EB13B006AB9F2 /* Frameworks */ = {
			isa = PBXFrameworksBuildPhase;
			buildActionMask = 2147483647;
			files = (
			);
			runOnlyForDeploymentPostprocessing = 0;
		};
		32AC162B2E9EB13D006AB9F2 /* Frameworks */ = {
			isa = PBXFrameworksBuildPhase;
			buildActionMask = 2147483647;
			files = (
			);
			runOnlyForDeploymentPostprocessing = 0;
		};
		32AC16352E9EB13D006AB9F2 /* Frameworks */ = {
			isa = PBXFrameworksBuildPhase;
			buildActionMask = 2147483647;
			files = (
			);
			runOnlyForDeploymentPostprocessing = 0;
		};
/* End PBXFrameworksBuildPhase section */

/* Begin PBXGroup section */
		32AC16152E9EB13B006AB9F2 = {
			isa = PBXGroup;
			children = (
				32AC16202E9EB13B006AB9F2 /* Safepocket */,
				32AC16312E9EB13D006AB9F2 /* SafepocketTests */,
				32AC163B2E9EB13D006AB9F2 /* SafepocketUITests */,
				32AC161F2E9EB13B006AB9F2 /* Products */,
			);
			sourceTree = "<group>";
		};
		32AC161F2E9EB13B006AB9F2 /* Products */ = {
			isa = PBXGroup;
			children = (
				32AC161E2E9EB13B006AB9F2 /* Safepocket.app */,
				32AC162E2E9EB13D006AB9F2 /* SafepocketTests.xctest */,
				32AC16382E9EB13D006AB9F2 /* SafepocketUITests.xctest */,
			);
			name = Products;
			sourceTree = "<group>";
		};
/* End PBXGroup section */

/* Begin PBXNativeTarget section */
		32AC161D2E9EB13B006AB9F2 /* Safepocket */ = {
			isa = PBXNativeTarget;
			buildConfigurationList = 32AC16422E9EB13D006AB9F2 /* Build configuration list for PBXNativeTarget "Safepocket" */;
			buildPhases = (
				32AC161A2E9EB13B006AB9F2 /* Sources */,
				32AC161B2E9EB13B006AB9F2 /* Frameworks */,
				32AC161C2E9EB13B006AB9F2 /* Resources */,
			);
			buildRules = (
			);
			dependencies = (
			);
			fileSystemSynchronizedGroups = (
				32AC16202E9EB13B006AB9F2 /* Safepocket */,
			);
			name = Safepocket;
			packageProductDependencies = (
			);
			productName = Safepocket;
			productReference = 32AC161E2E9EB13B006AB9F2 /* Safepocket.app */;
			productType = "com.apple.product-type.application";
		};
		32AC162D2E9EB13D006AB9F2 /* SafepocketTests */ = {
			isa = PBXNativeTarget;
			buildConfigurationList = 32AC16452E9EB13D006AB9F2 /* Build configuration list for PBXNativeTarget "SafepocketTests" */;
			buildPhases = (
				32AC162A2E9EB13D006AB9F2 /* Sources */,
				32AC162B2E9EB13D006AB9F2 /* Frameworks */,
				32AC162C2E9EB13D006AB9F2 /* Resources */,
			);
			buildRules = (
			);
			dependencies = (
				32AC16302E9EB13D006AB9F2 /* PBXTargetDependency */,
			);
			fileSystemSynchronizedGroups = (
				32AC16312E9EB13D006AB9F2 /* SafepocketTests */,
			);
			name = SafepocketTests;
			packageProductDependencies = (
			);
			productName = SafepocketTests;
			productReference = 32AC162E2E9EB13D006AB9F2 /* SafepocketTests.xctest */;
			productType = "com.apple.product-type.bundle.unit-test";
		};
		32AC16372E9EB13D006AB9F2 /* SafepocketUITests */ = {
			isa = PBXNativeTarget;
			buildConfigurationList = 32AC16482E9EB13D006AB9F2 /* Build configuration list for PBXNativeTarget "SafepocketUITests" */;
			buildPhases = (
				32AC16342E9EB13D006AB9F2 /* Sources */,
				32AC16352E9EB13D006AB9F2 /* Frameworks */,
				32AC16362E9EB13D006AB9F2 /* Resources */,
			);
			buildRules = (
			);
			dependencies = (
				32AC163A2E9EB13D006AB9F2 /* PBXTargetDependency */,
			);
			fileSystemSynchronizedGroups = (
				32AC163B2E9EB13D006AB9F2 /* SafepocketUITests */,
			);
			name = SafepocketUITests;
			packageProductDependencies = (
			);
			productName = SafepocketUITests;
			productReference = 32AC16382E9EB13D006AB9F2 /* SafepocketUITests.xctest */;
			productType = "com.apple.product-type.bundle.ui-testing";
		};
/* End PBXNativeTarget section */

/* Begin PBXProject section */
		32AC16162E9EB13B006AB9F2 /* Project object */ = {
			isa = PBXProject;
			attributes = {
				BuildIndependentTargetsInParallel = 1;
				LastSwiftUpdateCheck = 1610;
				LastUpgradeCheck = 1610;
				TargetAttributes = {
					32AC161D2E9EB13B006AB9F2 = {
						CreatedOnToolsVersion = 16.1;
					};
					32AC162D2E9EB13D006AB9F2 = {
						CreatedOnToolsVersion = 16.1;
						TestTargetID = 32AC161D2E9EB13B006AB9F2;
					};
					32AC16372E9EB13D006AB9F2 = {
						CreatedOnToolsVersion = 16.1;
						TestTargetID = 32AC161D2E9EB13B006AB9F2;
					};
				};
			};
			buildConfigurationList = 32AC16192E9EB13B006AB9F2 /* Build configuration list for PBXProject "Safepocket" */;
			developmentRegion = en;
			hasScannedForEncodings = 0;
			knownRegions = (
				en,
				Base,
			);
			mainGroup = 32AC16152E9EB13B006AB9F2;
			minimizedProjectReferenceProxies = 1;
			preferredProjectObjectVersion = 77;
			productRefGroup = 32AC161F2E9EB13B006AB9F2 /* Products */;
			projectDirPath = "";
			projectRoot = "";
			targets = (
				32AC161D2E9EB13B006AB9F2 /* Safepocket */,
				32AC162D2E9EB13D006AB9F2 /* SafepocketTests */,
				32AC16372E9EB13D006AB9F2 /* SafepocketUITests */,
			);
		};
/* End PBXProject section */

/* Begin PBXResourcesBuildPhase section */
		32AC161C2E9EB13B006AB9F2 /* Resources */ = {
			isa = PBXResourcesBuildPhase;
			buildActionMask = 2147483647;
			files = (
			);
			runOnlyForDeploymentPostprocessing = 0;
		};
		32AC162C2E9EB13D006AB9F2 /* Resources */ = {
			isa = PBXResourcesBuildPhase;
			buildActionMask = 2147483647;
			files = (
			);
			runOnlyForDeploymentPostprocessing = 0;
		};
		32AC16362E9EB13D006AB9F2 /* Resources */ = {
			isa = PBXResourcesBuildPhase;
			buildActionMask = 2147483647;
			files = (
			);
			runOnlyForDeploymentPostprocessing = 0;
		};
/* End PBXResourcesBuildPhase section */

/* Begin PBXSourcesBuildPhase section */
		32AC161A2E9EB13B006AB9F2 /* Sources */ = {
			isa = PBXSourcesBuildPhase;
			buildActionMask = 2147483647;
			files = (
			);
			runOnlyForDeploymentPostprocessing = 0;
		};
		32AC162A2E9EB13D006AB9F2 /* Sources */ = {
			isa = PBXSourcesBuildPhase;
			buildActionMask = 2147483647;
			files = (
			);
			runOnlyForDeploymentPostprocessing = 0;
		};
		32AC16342E9EB13D006AB9F2 /* Sources */ = {
			isa = PBXSourcesBuildPhase;
			buildActionMask = 2147483647;
			files = (
			);
			runOnlyForDeploymentPostprocessing = 0;
		};
/* End PBXSourcesBuildPhase section */

/* Begin PBXTargetDependency section */
		32AC16302E9EB13D006AB9F2 /* PBXTargetDependency */ = {
			isa = PBXTargetDependency;
			target = 32AC161D2E9EB13B006AB9F2 /* Safepocket */;
			targetProxy = 32AC162F2E9EB13D006AB9F2 /* PBXContainerItemProxy */;
		};
		32AC163A2E9EB13D006AB9F2 /* PBXTargetDependency */ = {
			isa = PBXTargetDependency;
			target = 32AC161D2E9EB13B006AB9F2 /* Safepocket */;
			targetProxy = 32AC16392E9EB13D006AB9F2 /* PBXContainerItemProxy */;
		};
/* End PBXTargetDependency section */

/* Begin XCBuildConfiguration section */
		32AC16402E9EB13D006AB9F2 /* Debug */ = {
			isa = XCBuildConfiguration;
			buildSettings = {
				ALWAYS_SEARCH_USER_PATHS = NO;
				ASSETCATALOG_COMPILER_GENERATE_SWIFT_ASSET_SYMBOL_EXTENSIONS = YES;
				CLANG_ANALYZER_NONNULL = YES;
				CLANG_ANALYZER_NUMBER_OBJECT_CONVERSION = YES_AGGRESSIVE;
				CLANG_CXX_LANGUAGE_STANDARD = "gnu++20";
				CLANG_ENABLE_MODULES = YES;
				CLANG_ENABLE_OBJC_ARC = YES;
				CLANG_ENABLE_OBJC_WEAK = YES;
				CLANG_WARN_BLOCK_CAPTURE_AUTORELEASING = YES;
				CLANG_WARN_BOOL_CONVERSION = YES;
				CLANG_WARN_COMMA = YES;
				CLANG_WARN_CONSTANT_CONVERSION = YES;
				CLANG_WARN_DEPRECATED_OBJC_IMPLEMENTATIONS = YES;
				CLANG_WARN_DIRECT_OBJC_ISA_USAGE = YES_ERROR;
				CLANG_WARN_DOCUMENTATION_COMMENTS = YES;
				CLANG_WARN_EMPTY_BODY = YES;
				CLANG_WARN_ENUM_CONVERSION = YES;
				CLANG_WARN_INFINITE_RECURSION = YES;
				CLANG_WARN_INT_CONVERSION = YES;
				CLANG_WARN_NON_LITERAL_NULL_CONVERSION = YES;
				CLANG_WARN_OBJC_IMPLICIT_RETAIN_SELF = YES;
				CLANG_WARN_OBJC_LITERAL_CONVERSION = YES;
				CLANG_WARN_OBJC_ROOT_CLASS = YES_ERROR;
				CLANG_WARN_QUOTED_INCLUDE_IN_FRAMEWORK_HEADER = YES;
				CLANG_WARN_RANGE_LOOP_ANALYSIS = YES;
				CLANG_WARN_STRICT_PROTOTYPES = YES;
				CLANG_WARN_SUSPICIOUS_MOVE = YES;
				CLANG_WARN_UNGUARDED_AVAILABILITY = YES_AGGRESSIVE;
				CLANG_WARN_UNREACHABLE_CODE = YES;
				CLANG_WARN__DUPLICATE_METHOD_MATCH = YES;
				COPY_PHASE_STRIP = NO;
				DEBUG_INFORMATION_FORMAT = dwarf;
				ENABLE_STRICT_OBJC_MSGSEND = YES;
				ENABLE_TESTABILITY = YES;
				ENABLE_USER_SCRIPT_SANDBOXING = YES;
				GCC_C_LANGUAGE_STANDARD = gnu17;
				GCC_DYNAMIC_NO_PIC = NO;
				GCC_NO_COMMON_BLOCKS = YES;
				GCC_OPTIMIZATION_LEVEL = 0;
				GCC_PREPROCESSOR_DEFINITIONS = (
					"DEBUG=1",
					"$(inherited)",
				);
				GCC_WARN_64_TO_32_BIT_CONVERSION = YES;
				GCC_WARN_ABOUT_RETURN_TYPE = YES_ERROR;
				GCC_WARN_UNDECLARED_SELECTOR = YES;
				GCC_WARN_UNINITIALIZED_AUTOS = YES_AGGRESSIVE;
				GCC_WARN_UNUSED_FUNCTION = YES;
				GCC_WARN_UNUSED_VARIABLE = YES;
				IPHONEOS_DEPLOYMENT_TARGET = 18.1;
				LOCALIZATION_PREFERS_STRING_CATALOGS = YES;
				MTL_ENABLE_DEBUG_INFO = INCLUDE_SOURCE;
				MTL_FAST_MATH = YES;
				ONLY_ACTIVE_ARCH = YES;
				SDKROOT = iphoneos;
				SWIFT_ACTIVE_COMPILATION_CONDITIONS = "DEBUG $(inherited)";
				SWIFT_OPTIMIZATION_LEVEL = "-Onone";
			};
			name = Debug;
		};
		32AC16412E9EB13D006AB9F2 /* Release */ = {
			isa = XCBuildConfiguration;
			buildSettings = {
				ALWAYS_SEARCH_USER_PATHS = NO;
				ASSETCATALOG_COMPILER_GENERATE_SWIFT_ASSET_SYMBOL_EXTENSIONS = YES;
				CLANG_ANALYZER_NONNULL = YES;
				CLANG_ANALYZER_NUMBER_OBJECT_CONVERSION = YES_AGGRESSIVE;
				CLANG_CXX_LANGUAGE_STANDARD = "gnu++20";
				CLANG_ENABLE_MODULES = YES;
				CLANG_ENABLE_OBJC_ARC = YES;
				CLANG_ENABLE_OBJC_WEAK = YES;
				CLANG_WARN_BLOCK_CAPTURE_AUTORELEASING = YES;
				CLANG_WARN_BOOL_CONVERSION = YES;
				CLANG_WARN_COMMA = YES;
				CLANG_WARN_CONSTANT_CONVERSION = YES;
				CLANG_WARN_DEPRECATED_OBJC_IMPLEMENTATIONS = YES;
				CLANG_WARN_DIRECT_OBJC_ISA_USAGE = YES_ERROR;
				CLANG_WARN_DOCUMENTATION_COMMENTS = YES;
				CLANG_WARN_EMPTY_BODY = YES;
				CLANG_WARN_ENUM_CONVERSION = YES;
				CLANG_WARN_INFINITE_RECURSION = YES;
				CLANG_WARN_INT_CONVERSION = YES;
				CLANG_WARN_NON_LITERAL_NULL_CONVERSION = YES;
				CLANG_WARN_OBJC_IMPLICIT_RETAIN_SELF = YES;
				CLANG_WARN_OBJC_LITERAL_CONVERSION = YES;
				CLANG_WARN_OBJC_ROOT_CLASS = YES_ERROR;
				CLANG_WARN_QUOTED_INCLUDE_IN_FRAMEWORK_HEADER = YES;
				CLANG_WARN_RANGE_LOOP_ANALYSIS = YES;
				CLANG_WARN_STRICT_PROTOTYPES = YES;
				CLANG_WARN_SUSPICIOUS_MOVE = YES;
				CLANG_WARN_UNGUARDED_AVAILABILITY = YES_AGGRESSIVE;
				CLANG_WARN_UNREACHABLE_CODE = YES;
				CLANG_WARN__DUPLICATE_METHOD_MATCH = YES;
				COPY_PHASE_STRIP = NO;
				DEBUG_INFORMATION_FORMAT = "dwarf-with-dsym";
				ENABLE_NS_ASSERTIONS = NO;
				ENABLE_STRICT_OBJC_MSGSEND = YES;
				ENABLE_USER_SCRIPT_SANDBOXING = YES;
				GCC_C_LANGUAGE_STANDARD = gnu17;
				GCC_NO_COMMON_BLOCKS = YES;
				GCC_WARN_64_TO_32_BIT_CONVERSION = YES;
				GCC_WARN_ABOUT_RETURN_TYPE = YES_ERROR;
				GCC_WARN_UNDECLARED_SELECTOR = YES;
				GCC_WARN_UNINITIALIZED_AUTOS = YES_AGGRESSIVE;
				GCC_WARN_UNUSED_FUNCTION = YES;
				GCC_WARN_UNUSED_VARIABLE = YES;
				IPHONEOS_DEPLOYMENT_TARGET = 18.1;
				LOCALIZATION_PREFERS_STRING_CATALOGS = YES;
				MTL_ENABLE_DEBUG_INFO = NO;
				MTL_FAST_MATH = YES;
				SDKROOT = iphoneos;
				SWIFT_COMPILATION_MODE = wholemodule;
				VALIDATE_PRODUCT = YES;
			};
			name = Release;
		};
		32AC16432E9EB13D006AB9F2 /* Debug */ = {
			isa = XCBuildConfiguration;
			buildSettings = {
				ASSETCATALOG_COMPILER_APPICON_NAME = AppIcon;
				ASSETCATALOG_COMPILER_GLOBAL_ACCENT_COLOR_NAME = AccentColor;
				CODE_SIGN_STYLE = Automatic;
				CURRENT_PROJECT_VERSION = 1;
				DEVELOPMENT_ASSET_PATHS = "\"Safepocket/Preview Content\"";
				ENABLE_PREVIEWS = YES;
				INFOPLIST_FILE = "Safepocket/Support/Safepocket-Info.plist";
				LD_RUNPATH_SEARCH_PATHS = (
					"$(inherited)",
					"@executable_path/Frameworks",
				);
				MARKETING_VERSION = 1.0;
				PRODUCT_BUNDLE_IDENTIFIER = shoutaSuzuki.Safepocket;
				PRODUCT_NAME = "$(TARGET_NAME)";
				SWIFT_EMIT_LOC_STRINGS = YES;
				SWIFT_VERSION = 5.0;
				TARGETED_DEVICE_FAMILY = "1,2";
			};
			name = Debug;
		};
		32AC16442E9EB13D006AB9F2 /* Release */ = {
			isa = XCBuildConfiguration;
			buildSettings = {
				ASSETCATALOG_COMPILER_APPICON_NAME = AppIcon;
				ASSETCATALOG_COMPILER_GLOBAL_ACCENT_COLOR_NAME = AccentColor;
				CODE_SIGN_STYLE = Automatic;
				CURRENT_PROJECT_VERSION = 1;
				DEVELOPMENT_ASSET_PATHS = "\"Safepocket/Preview Content\"";
				ENABLE_PREVIEWS = YES;
				INFOPLIST_FILE = "Safepocket/Support/Safepocket-Info.plist";
				LD_RUNPATH_SEARCH_PATHS = (
					"$(inherited)",
					"@executable_path/Frameworks",
				);
				MARKETING_VERSION = 1.0;
				PRODUCT_BUNDLE_IDENTIFIER = shoutaSuzuki.Safepocket;
				PRODUCT_NAME = "$(TARGET_NAME)";
				SWIFT_EMIT_LOC_STRINGS = YES;
				SWIFT_VERSION = 5.0;
				TARGETED_DEVICE_FAMILY = "1,2";
			};
			name = Release;
		};
		32AC16462E9EB13D006AB9F2 /* Debug */ = {
			isa = XCBuildConfiguration;
			buildSettings = {
				BUNDLE_LOADER = "$(TEST_HOST)";
				CODE_SIGN_STYLE = Automatic;
				CURRENT_PROJECT_VERSION = 1;
				GENERATE_INFOPLIST_FILE = YES;
				IPHONEOS_DEPLOYMENT_TARGET = 18.1;
				MARKETING_VERSION = 1.0;
				PRODUCT_BUNDLE_IDENTIFIER = shoutaSuzuki.SafepocketTests;
				PRODUCT_NAME = "$(TARGET_NAME)";
				SWIFT_EMIT_LOC_STRINGS = NO;
				SWIFT_VERSION = 5.0;
				TARGETED_DEVICE_FAMILY = "1,2";
				TEST_HOST = "$(BUILT_PRODUCTS_DIR)/Safepocket.app/$(BUNDLE_EXECUTABLE_FOLDER_PATH)/Safepocket";
			};
			name = Debug;
		};
		32AC16472E9EB13D006AB9F2 /* Release */ = {
			isa = XCBuildConfiguration;
			buildSettings = {
				BUNDLE_LOADER = "$(TEST_HOST)";
				CODE_SIGN_STYLE = Automatic;
				CURRENT_PROJECT_VERSION = 1;
				GENERATE_INFOPLIST_FILE = YES;
				IPHONEOS_DEPLOYMENT_TARGET = 18.1;
				MARKETING_VERSION = 1.0;
				PRODUCT_BUNDLE_IDENTIFIER = shoutaSuzuki.SafepocketTests;
				PRODUCT_NAME = "$(TARGET_NAME)";
				SWIFT_EMIT_LOC_STRINGS = NO;
				SWIFT_VERSION = 5.0;
				TARGETED_DEVICE_FAMILY = "1,2";
				TEST_HOST = "$(BUILT_PRODUCTS_DIR)/Safepocket.app/$(BUNDLE_EXECUTABLE_FOLDER_PATH)/Safepocket";
			};
			name = Release;
		};
		32AC16492E9EB13D006AB9F2 /* Debug */ = {
			isa = XCBuildConfiguration;
			buildSettings = {
				CODE_SIGN_STYLE = Automatic;
				CURRENT_PROJECT_VERSION = 1;
				GENERATE_INFOPLIST_FILE = YES;
				MARKETING_VERSION = 1.0;
				PRODUCT_BUNDLE_IDENTIFIER = shoutaSuzuki.SafepocketUITests;
				PRODUCT_NAME = "$(TARGET_NAME)";
				SWIFT_EMIT_LOC_STRINGS = NO;
				SWIFT_VERSION = 5.0;
				TARGETED_DEVICE_FAMILY = "1,2";
				TEST_TARGET_NAME = Safepocket;
			};
			name = Debug;
		};
		32AC164A2E9EB13D006AB9F2 /* Release */ = {
			isa = XCBuildConfiguration;
			buildSettings = {
				CODE_SIGN_STYLE = Automatic;
				CURRENT_PROJECT_VERSION = 1;
				GENERATE_INFOPLIST_FILE = YES;
				MARKETING_VERSION = 1.0;
				PRODUCT_BUNDLE_IDENTIFIER = shoutaSuzuki.SafepocketUITests;
				PRODUCT_NAME = "$(TARGET_NAME)";
				SWIFT_EMIT_LOC_STRINGS = NO;
				SWIFT_VERSION = 5.0;
				TARGETED_DEVICE_FAMILY = "1,2";
				TEST_TARGET_NAME = Safepocket;
			};
			name = Release;
		};
/* End XCBuildConfiguration section */

/* Begin XCConfigurationList section */
		32AC16192E9EB13B006AB9F2 /* Build configuration list for PBXProject "Safepocket" */ = {
			isa = XCConfigurationList;
			buildConfigurations = (
				32AC16402E9EB13D006AB9F2 /* Debug */,
				32AC16412E9EB13D006AB9F2 /* Release */,
			);
			defaultConfigurationIsVisible = 0;
			defaultConfigurationName = Release;
		};
		32AC16422E9EB13D006AB9F2 /* Build configuration list for PBXNativeTarget "Safepocket" */ = {
			isa = XCConfigurationList;
			buildConfigurations = (
				32AC16432E9EB13D006AB9F2 /* Debug */,
				32AC16442E9EB13D006AB9F2 /* Release */,
			);
			defaultConfigurationIsVisible = 0;
			defaultConfigurationName = Release;
		};
		32AC16452E9EB13D006AB9F2 /* Build configuration list for PBXNativeTarget "SafepocketTests" */ = {
			isa = XCConfigurationList;
			buildConfigurations = (
				32AC16462E9EB13D006AB9F2 /* Debug */,
				32AC16472E9EB13D006AB9F2 /* Release */,
			);
			defaultConfigurationIsVisible = 0;
			defaultConfigurationName = Release;
		};
		32AC16482E9EB13D006AB9F2 /* Build configuration list for PBXNativeTarget "SafepocketUITests" */ = {
			isa = XCConfigurationList;
			buildConfigurations = (
				32AC16492E9EB13D006AB9F2 /* Debug */,
				32AC164A2E9EB13D006AB9F2 /* Release */,
			);
			defaultConfigurationIsVisible = 0;
			defaultConfigurationName = Release;
		};
/* End XCConfigurationList section */
	};
	rootObject = 32AC16162E9EB13B006AB9F2 /* Project object */;
}
